
Microsoft Visual Studio Solution File, Format Version 12.00
# Visual Studio Version 16
VisualStudioVersion = 16.0.32126.315
MinimumVisualStudioVersion = 10.0.40219.1
Project("{FAE04EC0-301F-11D3-BF4B-00C04F79EFBC}") = "TGG-UI", "TGG-UI\TGG-UI.csproj", "{B1840BA2-E928-4A18-9B28-D1FC9F44D36A}"
EndProject
Global
	GlobalSection(SolutionConfigurationPlatforms) = preSolution
		Debug|Any CPU = Debug|Any CPU
		Release|Any CPU = Release|Any CPU
	EndGlobalSection
	GlobalSection(ProjectConfigurationPlatforms) = postSolution
		{B1840BA2-E928-4A18-9B28-D1FC9F44D36A}.Debug|Any CPU.ActiveCfg = Debug|Any CPU
		{B1840BA2-E928-4A18-9B28-D1FC9F44D36A}.Debug|Any CPU.Build.0 = Debug|Any CPU
		{B1840BA2-E928-4A18-9B28-D1FC9F44D36A}.Release|Any CPU.ActiveCfg = Release|Any CPU
		{B1840BA2-E928-4A18-9B28-D1FC9F44D36A}.Release|Any CPU.Build.0 = Release|Any CPU
	EndGlobalSection
	GlobalSection(SolutionProperties) = preSolution
		HideSolutionNode = FALSE
	EndGlobalSection
	GlobalSection(ExtensibilityGlobals) = postSolution
		SolutionGuid = {A8F14957-B03D-40BC-942A-4025808BCF7D}
	EndGlobalSection
EndGlobal
